
Microsoft Visual Studio Solution File, Format Version 12.00
# Visual Studio Version 16
VisualStudioVersion = 16.0.31424.327
MinimumVisualStudioVersion = 10.0.40219.1
Project("{FAE04EC0-301F-11D3-BF4B-00C04F79EFBC}") = "ArduinoWPF", "ArduinoWPF.csproj", "{5CCAF7F9-591F-4F86-8F11-A462EE99D620}"
EndProject
Global
	GlobalSection(SolutionConfigurationPlatforms) = preSolution
		Debug|Any CPU = Debug|Any CPU
		Release|Any CPU = Release|Any CPU
	EndGlobalSection
	GlobalSection(ProjectConfigurationPlatforms) = postSolution
		{5CCAF7F9-591F-4F86-8F11-A462EE99D620}.Debug|Any CPU.ActiveCfg = Debug|Any CPU
		{5CCAF7F9-591F-4F86-8F11-A462EE99D620}.Debug|Any CPU.Build.0 = Debug|Any CPU
		{5CCAF7F9-591F-4F86-8F11-A462EE99D620}.Release|Any CPU.ActiveCfg = Release|Any CPU
		{5CCAF7F9-591F-4F86-8F11-A462EE99D620}.Release|Any CPU.Build.0 = Release|Any CPU
	EndGlobalSection
	GlobalSection(SolutionProperties) = preSolution
		HideSolutionNode = FALSE
	EndGlobalSection
	GlobalSection(ExtensibilityGlobals) = postSolution
		SolutionGuid = {0AE7EFAE-850D-4988-B316-59A354AE8BC4}
	EndGlobalSection
EndGlobal
